{
  "name": "006_programas",
  "version": "1.0.0",
  "lockfileVersion": 3,
  "requires": true,
  "packages": {
    "": {
      "name": "006_programas",
      "version": "1.0.0",
      "license": "ISC",
      "dependencies": {
        "matematica": "file:../006_pacotes"
      }
    },
    "../006_pacotes": {
      "name": "matematica",
      "version": "1.0.0",
      "license": "ISC"
    },
    "node_modules/matematica": {
      "resolved": "../006_pacotes",
      "link": true
    }
  }
}
